github.com/conradludgate/playlist v0.0.0-20190810125514-198027d9e65a h1:2NRj8HAYsEz9JguwWLFa7q2BYc2+q33ZgnIUtEdEUew=
github.com/pquerna/ffjson v0.0.0-20181028064349-e517b90714f7 h1:gGBSHPOU7g8YjTbhwn+lvFm2VDEhhA+PwDIlstkgSxE=
github.com/pquerna/ffjson v0.0.0-20181028064349-e517b90714f7/go.mod h1:YARuvh7BUWHNhzDq2OM5tzR2RiCcN2D7sapiKyCel/M=
