github.com/conradludgate/playlist/server/exchanges v0.0.0-20190810141941-fe1da90656c9 h1:9GSvzsgnf3R8N4YdNfwaZyQohXsXVwR0mc/rNLu/dSQ=
github.com/conradludgate/playlist/server/exchanges v0.0.0-20190810141941-fe1da90656c9/go.mod h1:aqhoP9sfWgftcccbC93ZTVwfUVp3XTa3vDfg4WsZ01w=
github.com/conradludgate/playlist/server/exchanges/spotify v0.0.0-20190810141941-fe1da90656c9 h1:wYxUvhOx3eTjKw6FOPhotiribg+ocwvxS0Cy5DZchYg=
github.com/conradludgate/playlist/server/exchanges/spotify v0.0.0-20190810141941-fe1da90656c9/go.mod h1:+nR+4Tt9/dzydla656H/tErQrTe/ZP6euxfjVl3CHbU=
github.com/gorilla/mux v1.7.3 h1:gnP5JzjVOuiZD07fKKToCAOjS0yOpj/qPETTXCCS6hw=
github.com/gorilla/mux v1.7.3/go.mod h1:1lud6UwP+6orDFRuTfBEV8e9/aOM/c4fVVCaMa2zaAs=
github.com/joho/godotenv v1.3.0 h1:Zjp+RcGpHhGlrMbJzXTrZZPrWj+1vfm90La1wgB6Bhc=
github.com/joho/godotenv v1.3.0/go.mod h1:7hK45KPybAkOC6peb+G5yklZfMxEjkZhHbwpqxOKXbg=
github.com/pquerna/ffjson v0.0.0-20181028064349-e517b90714f7 h1:gGBSHPOU7g8YjTbhwn+lvFm2VDEhhA+PwDIlstkgSxE=
github.com/pquerna/ffjson v0.0.0-20181028064349-e517b90714f7/go.mod h1:YARuvh7BUWHNhzDq2OM5tzR2RiCcN2D7sapiKyCel/M=
